
Microsoft Visual Studio Solution File, Format Version 12.00
# Visual Studio Version 17
VisualStudioVersion = 17.14.36203.30
MinimumVisualStudioVersion = 10.0.40219.1
Project("{FAE04EC0-301F-11D3-BF4B-00C04F79EFBC}") = "restaurant_reservation", "restaurant_reservation\restaurant_reservation.csproj", "{4C330C18-E4CC-4DD5-A74C-22303942F60F}"
EndProject
Project("{FAE04EC0-301F-11D3-BF4B-00C04F79EFBC}") = "BlogApp", "..\..\ASP.NET PROJELER\BlogApp\BlogApp\BlogApp.csproj", "{DFF283CD-428B-9607-59F3-065EA541341A}"
EndProject
Project("{FAE04EC0-301F-11D3-BF4B-00C04F79EFBC}") = "API_App", "..\..\ASP.NET PROJELER\API_App\API_App\API_App.csproj", "{F06D3767-F1EC-D4A6-9F5D-86D5A62ED252}"
EndProject
Global
	GlobalSection(SolutionConfigurationPlatforms) = preSolution
		Debug|Any CPU = Debug|Any CPU
		Release|Any CPU = Release|Any CPU
	EndGlobalSection
	GlobalSection(ProjectConfigurationPlatforms) = postSolution
		{4C330C18-E4CC-4DD5-A74C-22303942F60F}.Debug|Any CPU.ActiveCfg = Debug|Any CPU
		{4C330C18-E4CC-4DD5-A74C-22303942F60F}.Debug|Any CPU.Build.0 = Debug|Any CPU
		{4C330C18-E4CC-4DD5-A74C-22303942F60F}.Release|Any CPU.ActiveCfg = Release|Any CPU
		{4C330C18-E4CC-4DD5-A74C-22303942F60F}.Release|Any CPU.Build.0 = Release|Any CPU
		{DFF283CD-428B-9607-59F3-065EA541341A}.Debug|Any CPU.ActiveCfg = Debug|Any CPU
		{DFF283CD-428B-9607-59F3-065EA541341A}.Debug|Any CPU.Build.0 = Debug|Any CPU
		{DFF283CD-428B-9607-59F3-065EA541341A}.Release|Any CPU.ActiveCfg = Release|Any CPU
		{DFF283CD-428B-9607-59F3-065EA541341A}.Release|Any CPU.Build.0 = Release|Any CPU
		{F06D3767-F1EC-D4A6-9F5D-86D5A62ED252}.Debug|Any CPU.ActiveCfg = Debug|Any CPU
		{F06D3767-F1EC-D4A6-9F5D-86D5A62ED252}.Debug|Any CPU.Build.0 = Debug|Any CPU
		{F06D3767-F1EC-D4A6-9F5D-86D5A62ED252}.Release|Any CPU.ActiveCfg = Release|Any CPU
		{F06D3767-F1EC-D4A6-9F5D-86D5A62ED252}.Release|Any CPU.Build.0 = Release|Any CPU
	EndGlobalSection
	GlobalSection(SolutionProperties) = preSolution
		HideSolutionNode = FALSE
	EndGlobalSection
	GlobalSection(ExtensibilityGlobals) = postSolution
		SolutionGuid = {218536D5-7335-48B3-A39D-35D02454475D}
	EndGlobalSection
EndGlobal
